# THIS IS AN AUTOGENERATED FILE. DO NOT EDIT THIS FILE DIRECTLY.
# yarn lockfile v1
core-util-is@~1.0.0:
  version "1.0.2"
  resolved "https://registry.yarnpkg.com/core-util-is/-/core-util-is-1.0.2.tgz#b5fd54220aa2bc5ab57aab7140c940754503c1a7"

duplexer2@~0.0.2:
  version "0.0.2"
  resolved "https://registry.yarnpkg.com/duplexer2/-/duplexer2-0.0.2.tgz#c614dcf67e2fb14995a91711e5a617e8a60a31db"
  dependencies:
    readable-stream "~1.1.9"

inherits@~2.0.1:
  version "2.0.3"
  resolved "https://registry.yarnpkg.com/inherits/-/inherits-2.0.3.tgz#633c2c83e3da42a502f52466022480f4208261de"

isarray@0.0.1:
  version "0.0.1"
  resolved "https://registry.yarnpkg.com/isarray/-/isarray-0.0.1.tgz#8a18acfca9a8f4177e09abfc6038939b05d1eedf"

"readable-stream@>=1.0.33-1 <1.1.0-0", readable-stream@~1.0.17:
  version "1.0.34"
  resolved "https://registry.yarnpkg.com/readable-stream/-/readable-stream-1.0.34.tgz#125820e34bc842d2f2aaafafe4c2916ee32c157c"
  dependencies:
    core-util-is "~1.0.0"
    inherits "~2.0.1"
    isarray "0.0.1"
    string_decoder "~0.10.x"

readable-stream@~1.1.9:
  version "1.1.14"
  resolved "https://registry.yarnpkg.com/readable-stream/-/readable-stream-1.1.14.tgz#7cf4c54ef648e3813084c636dd2079e166c081d9"
  dependencies:
    core-util-is "~1.0.0"
    inherits "~2.0.1"
    isarray "0.0.1"
    string_decoder "~0.10.x"

split2@~0.2.1:
  version "0.2.1"
  resolved "https://registry.yarnpkg.com/split2/-/split2-0.2.1.tgz#02ddac9adc03ec0bb78c1282ec079ca6e85ae900"
  dependencies:
    through2 "~0.6.1"

sshconf:
  version "2.0.0"
  resolved "https://registry.yarnpkg.com/sshconf/-/sshconf-2.0.0.tgz#6b534caad8465b0defd966282530959529f9f6d2"
  dependencies:
    split2 "~0.2.1"
    stream-combiner2 "~1.0.2"
    through2 "~0.6.3"

stream-combiner2@~1.0.2:
  version "1.0.2"
  resolved "https://registry.yarnpkg.com/stream-combiner2/-/stream-combiner2-1.0.2.tgz#ba72a6b50cbfabfa950fc8bc87604bd01eb60671"
  dependencies:
    duplexer2 "~0.0.2"
    through2 "~0.5.1"

string_decoder@~0.10.x:
  version "0.10.31"
  resolved "https://registry.yarnpkg.com/string_decoder/-/string_decoder-0.10.31.tgz#62e203bc41766c6c28c9fc84301dab1c5310fa94"

through2@~0.5.1:
  version "0.5.1"
  resolved "https://registry.yarnpkg.com/through2/-/through2-0.5.1.tgz#dfdd012eb9c700e2323fd334f38ac622ab372da7"
  dependencies:
    readable-stream "~1.0.17"
    xtend "~3.0.0"

through2@~0.6.1, through2@~0.6.3:
  version "0.6.5"
  resolved "https://registry.yarnpkg.com/through2/-/through2-0.6.5.tgz#41ab9c67b29d57209071410e1d7a7a968cd3ad48"
  dependencies:
    readable-stream ">=1.0.33-1 <1.1.0-0"
    xtend ">=4.0.0 <4.1.0-0"

util-extend:
  version "1.0.3"
  resolved "https://registry.yarnpkg.com/util-extend/-/util-extend-1.0.3.tgz#a7c216d267545169637b3b6edc6ca9119e2ff93f"

"xtend@>=4.0.0 <4.1.0-0":
  version "4.0.1"
  resolved "https://registry.yarnpkg.com/xtend/-/xtend-4.0.1.tgz#a5c6d532be656e23db820efb943a1f04998d63af"

xtend@~3.0.0:
  version "3.0.0"
  resolved "https://registry.yarnpkg.com/xtend/-/xtend-3.0.0.tgz#5cce7407baf642cba7becda568111c493f59665a"

